github.com/BertoldVdb/go-ais v0.4.0 h1:bsORFIzgLW4H/pI9xQ+FMT/e0O0jT+Bhfw5O67IpKTk=
github.com/BertoldVdb/go-ais v0.4.0/go.mod h1:V2+fRhMf6AWOIEGEjgGAImHm+D/gCe6iGTUHvDEZf3U=
github.com/adrianmo/go-nmea v1.3.0 h1:BFrLRj/oIh+DYujIKpuQievq7X3NDHYq57kNgsfr2GY=
github.com/adrianmo/go-nmea v1.3.0/go.mod h1:u8bPnpKt/D/5rll/5l9f6iDfeq5WZW0+/SXdkwix6Tg=
github.com/b3nn0/goflying v0.0.0-20250123172850-dd059ec48194 h1:8gVf9xdiEBc/nwNzGCNKO1T32XSSweswBvus12PZWik=
github.com/b3nn0/goflying v0.0.0-20250123172850-dd059ec48194/go.mod h1:mUBHzShWc6gsOpF8+312Sd+UJgYBKeKNWgfbJULD1z8=
github.com/b3nn0/stratux v0.0.0-20250129021641-632dd2ce7aca h1:Ag2u2fGi2IhBca4oJerDLz6Ys2tzivoPyXnPbaX35Ic=
github.com/b3nn0/stratux v0.0.0-20250129021641-632dd2ce7aca/go.mod h1:/ncCimKLqONjgFOADWQTS9WGgxHU3m9W/URkx5XYX4s=
github.com/davecgh/go-spew v1.1.0/go.mod h1:J7Y8YcW2NihsgmVo/mv3lAwl/skON4iLHjSsI+c5H38=
github.com/davecgh/go-spew v1.1.1/go.mod h1:J7Y8YcW2NihsgmVo/mv3lAwl/skON4iLHjSsI+c5H38=
github.com/golang/glog v0.0.0-20160126235308-23def4e6c14b h1:VKtxabqXZkF25pY9ekfRL6a582T4P37/31XEstQ5p58=
github.com/golang/glog v0.0.0-20160126235308-23def4e6c14b/go.mod h1:SBH7ygxi8pfUlaOkMMuAQtPIUF8ecWP5IEl/CR7VP2Q=
github.com/gorilla/websocket v1.4.2/go.mod h1:YR8l580nyteQvAITg2hZ9XVh4b55+EU/adAjf1fMHhE=
github.com/kidoman/embd v0.0.0-20170508013040-d3d8c0c5c68d/go.mod h1:ACKj9jnzOzj1lw2ETilpFGK7L9dtJhAzT7T1OhAGtRQ=
github.com/pmezard/go-difflib v1.0.0/go.mod h1:iKH77koFhYxTK1pcRnkKkqfTogsbg7gZNVY4sRDYZ/4=
github.com/skelterjohn/go.matrix v0.0.0-20130517144113-daa59528eefd/go.mod h1:x7ui0Rh4QxcWEOgIfa3cr9q4W/wyLTDdzISxBmLVeX8=
github.com/stratux/goflying v0.0.0-20250123172850-dd059ec48194 h1:krb36V5gM+X8smhT31strjBt3UF03dxV9vKxtak0IQ8=
github.com/stratux/goflying v0.0.0-20250123172850-dd059ec48194/go.mod h1:mUBHzShWc6gsOpF8+312Sd+UJgYBKeKNWgfbJULD1z8=
github.com/stratux/stratux v0.0.0-20250129021641-632dd2ce7aca h1:qT591aSJbnP8OZuooIQsn8ahlOXoYDuqk3+coxCrRXM=
github.com/stratux/stratux v0.0.0-20250129021641-632dd2ce7aca/go.mod h1:/ncCimKLqONjgFOADWQTS9WGgxHU3m9W/URkx5XYX4s=
github.com/stretchr/objx v0.1.0/go.mod h1:HFkY916IF+rwdDfMAkV7OtwuqBVzrE8GR6GFx+wExME=
github.com/stretchr/testify v1.5.1/go.mod h1:5W2xD1RspED5o8YsWQXVCued0rvSQ+mT+I5cxcmMvtA=
github.com/westphae/quaternion v0.0.0-20190804192539-eb19a71cb818/go.mod h1:QTAatvZIftK/dJJK1wtxV+M3VF/IW7/nRJukOT52ItQ=
gopkg.in/check.v1 v0.0.0-20161208181325-20d25e280405/go.mod h1:Co6ibVJAznAaIkqp8huTwlJQCZ016jof/cbN4VW5Yz0=
gopkg.in/yaml.v2 v2.2.2/go.mod h1:hI93XBmqTisBFMUTm0b8Fm+jr3Dg1NNxqwp+5A1VGuI=
